
Microsoft Visual Studio Solution File, Format Version 12.00
# Visual Studio Version 17
VisualStudioVersion = 17.11.35222.181
MinimumVisualStudioVersion = 10.0.40219.1
Project("{9A19103F-16F7-4668-BE54-9A1E7A4F7556}") = "CQRSharp", "CQRSharp\CQRSharp.csproj", "{F17728F7-5DFA-4EF1-8347-166A1BF7DD75}"
EndProject
Project("{9A19103F-16F7-4668-BE54-9A1E7A4F7556}") = "CQRSharpSample", "CQRSharpSample\CQRSharpSample.csproj", "{2F79B54B-DC8D-4B73-AFC0-FE58EAFE76C6}"
EndProject
Project("{FAE04EC0-301F-11D3-BF4B-00C04F79EFBC}") = "CQRSharp.Kafka", "CQRSharp.Kafka\CQRSharp.Kafka.csproj", "{620D797C-E42A-4AC2-9834-1463C5681B51}"
EndProject
Global
	GlobalSection(SolutionConfigurationPlatforms) = preSolution
		Debug|Any CPU = Debug|Any CPU
		Release|Any CPU = Release|Any CPU
	EndGlobalSection
	GlobalSection(ProjectConfigurationPlatforms) = postSolution
		{F17728F7-5DFA-4EF1-8347-166A1BF7DD75}.Debug|Any CPU.ActiveCfg = Debug|Any CPU
		{F17728F7-5DFA-4EF1-8347-166A1BF7DD75}.Debug|Any CPU.Build.0 = Debug|Any CPU
		{F17728F7-5DFA-4EF1-8347-166A1BF7DD75}.Release|Any CPU.ActiveCfg = Release|Any CPU
		{F17728F7-5DFA-4EF1-8347-166A1BF7DD75}.Release|Any CPU.Build.0 = Release|Any CPU
		{2F79B54B-DC8D-4B73-AFC0-FE58EAFE76C6}.Debug|Any CPU.ActiveCfg = Debug|Any CPU
		{2F79B54B-DC8D-4B73-AFC0-FE58EAFE76C6}.Debug|Any CPU.Build.0 = Debug|Any CPU
		{2F79B54B-DC8D-4B73-AFC0-FE58EAFE76C6}.Release|Any CPU.ActiveCfg = Release|Any CPU
		{620D797C-E42A-4AC2-9834-1463C5681B51}.Debug|Any CPU.ActiveCfg = Debug|Any CPU
		{620D797C-E42A-4AC2-9834-1463C5681B51}.Debug|Any CPU.Build.0 = Debug|Any CPU
		{620D797C-E42A-4AC2-9834-1463C5681B51}.Release|Any CPU.ActiveCfg = Release|Any CPU
		{620D797C-E42A-4AC2-9834-1463C5681B51}.Release|Any CPU.Build.0 = Release|Any CPU
	EndGlobalSection
	GlobalSection(SolutionProperties) = preSolution
		HideSolutionNode = FALSE
	EndGlobalSection
	GlobalSection(ExtensibilityGlobals) = postSolution
		SolutionGuid = {8B50E808-5BD4-4F5A-9A83-A8239670B13A}
	EndGlobalSection
EndGlobal
