
Microsoft Visual Studio Solution File, Format Version 12.00
# Visual Studio Version 17
VisualStudioVersion = 17.11.35222.181
MinimumVisualStudioVersion = 10.0.40219.1
Project("{9A19103F-16F7-4668-BE54-9A1E7A4F7556}") = "CQRSharp.Core", "CQRSharp.Core\CQRSharp.Core.csproj", "{F17728F7-5DFA-4EF1-8347-166A1BF7DD75}"
EndProject
Project("{9A19103F-16F7-4668-BE54-9A1E7A4F7556}") = "CQRSharp.Sample", "CQRSharp.Sample\CQRSharp.Sample.csproj", "{2F79B54B-DC8D-4B73-AFC0-FE58EAFE76C6}"
EndProject
Project("{FAE04EC0-301F-11D3-BF4B-00C04F79EFBC}") = "CQRSharp.Tests", "CQRSharp.Tests\CQRSharp.Tests.csproj", "{EBA2F116-DA4F-45DA-80F1-1BA709992629}"
EndProject
Project("{FAE04EC0-301F-11D3-BF4B-00C04F79EFBC}") = "CQRSharp.Shared", "CQRSharp.Shared\CQRSharp.Shared.csproj", "{1E69C86C-93B7-43E1-968C-A3CDDA9793AA}"
EndProject
Project("{FAE04EC0-301F-11D3-BF4B-00C04F79EFBC}") = "CQRSharp.Generators", "CQRSharp.Generators\CQRSharp.Generators.csproj", "{C4AE00CD-B399-44B0-975F-924C96E4B678}"
EndProject
Project("{FAE04EC0-301F-11D3-BF4B-00C04F79EFBC}") = "CQRSharp", "CQRSharp\CQRSharp.csproj", "{E3AA1986-CE80-43EB-8EEE-0AE35094FD45}"
EndProject
Global
	GlobalSection(SolutionConfigurationPlatforms) = preSolution
		Debug|Any CPU = Debug|Any CPU
		Release|Any CPU = Release|Any CPU
	EndGlobalSection
	GlobalSection(ProjectConfigurationPlatforms) = postSolution
		{F17728F7-5DFA-4EF1-8347-166A1BF7DD75}.Debug|Any CPU.ActiveCfg = Debug|Any CPU
		{F17728F7-5DFA-4EF1-8347-166A1BF7DD75}.Debug|Any CPU.Build.0 = Debug|Any CPU
		{F17728F7-5DFA-4EF1-8347-166A1BF7DD75}.Release|Any CPU.ActiveCfg = Release|Any CPU
		{F17728F7-5DFA-4EF1-8347-166A1BF7DD75}.Release|Any CPU.Build.0 = Release|Any CPU
		{2F79B54B-DC8D-4B73-AFC0-FE58EAFE76C6}.Debug|Any CPU.ActiveCfg = Debug|Any CPU
		{2F79B54B-DC8D-4B73-AFC0-FE58EAFE76C6}.Debug|Any CPU.Build.0 = Debug|Any CPU
		{2F79B54B-DC8D-4B73-AFC0-FE58EAFE76C6}.Release|Any CPU.ActiveCfg = Release|Any CPU
		{2F79B54B-DC8D-4B73-AFC0-FE58EAFE76C6}.Release|Any CPU.Build.0 = Release|Any CPU
		{EBA2F116-DA4F-45DA-80F1-1BA709992629}.Debug|Any CPU.ActiveCfg = Debug|Any CPU
		{EBA2F116-DA4F-45DA-80F1-1BA709992629}.Debug|Any CPU.Build.0 = Debug|Any CPU
		{EBA2F116-DA4F-45DA-80F1-1BA709992629}.Release|Any CPU.ActiveCfg = Release|Any CPU
		{EBA2F116-DA4F-45DA-80F1-1BA709992629}.Release|Any CPU.Build.0 = Release|Any CPU
		{784873D8-C612-48D5-BA34-F84E4FC86351}.Debug|Any CPU.ActiveCfg = Debug|Any CPU
		{784873D8-C612-48D5-BA34-F84E4FC86351}.Debug|Any CPU.Build.0 = Debug|Any CPU
		{784873D8-C612-48D5-BA34-F84E4FC86351}.Release|Any CPU.ActiveCfg = Release|Any CPU
		{784873D8-C612-48D5-BA34-F84E4FC86351}.Release|Any CPU.Build.0 = Release|Any CPU
		{1E69C86C-93B7-43E1-968C-A3CDDA9793AA}.Debug|Any CPU.ActiveCfg = Debug|Any CPU
		{1E69C86C-93B7-43E1-968C-A3CDDA9793AA}.Debug|Any CPU.Build.0 = Debug|Any CPU
		{1E69C86C-93B7-43E1-968C-A3CDDA9793AA}.Release|Any CPU.ActiveCfg = Release|Any CPU
		{1E69C86C-93B7-43E1-968C-A3CDDA9793AA}.Release|Any CPU.Build.0 = Release|Any CPU
		{C4AE00CD-B399-44B0-975F-924C96E4B678}.Debug|Any CPU.ActiveCfg = Debug|Any CPU
		{C4AE00CD-B399-44B0-975F-924C96E4B678}.Debug|Any CPU.Build.0 = Debug|Any CPU
		{C4AE00CD-B399-44B0-975F-924C96E4B678}.Release|Any CPU.ActiveCfg = Release|Any CPU
		{C4AE00CD-B399-44B0-975F-924C96E4B678}.Release|Any CPU.Build.0 = Release|Any CPU
		{E3AA1986-CE80-43EB-8EEE-0AE35094FD45}.Debug|Any CPU.ActiveCfg = Debug|Any CPU
		{E3AA1986-CE80-43EB-8EEE-0AE35094FD45}.Debug|Any CPU.Build.0 = Debug|Any CPU
		{E3AA1986-CE80-43EB-8EEE-0AE35094FD45}.Release|Any CPU.ActiveCfg = Release|Any CPU
		{E3AA1986-CE80-43EB-8EEE-0AE35094FD45}.Release|Any CPU.Build.0 = Release|Any CPU
	EndGlobalSection
	GlobalSection(SolutionProperties) = preSolution
		HideSolutionNode = FALSE
	EndGlobalSection
	GlobalSection(ExtensibilityGlobals) = postSolution
		SolutionGuid = {8B50E808-5BD4-4F5A-9A83-A8239670B13A}
	EndGlobalSection
EndGlobal
