
Microsoft Visual Studio Solution File, Format Version 12.00
# Visual Studio Version 17
VisualStudioVersion = 17.11.35222.181
MinimumVisualStudioVersion = 10.0.40219.1
Project("{2150E333-8FDC-42A3-9474-1A3956D46DE8}") = "Domain", "Domain", "{7CF2A1BD-5C48-4F86-82AC-2C90B4024F09}"
EndProject
Project("{2150E333-8FDC-42A3-9474-1A3956D46DE8}") = "Application", "Application", "{F42CF4AF-A7AD-4C3E-840C-34C9BD1139A6}"
EndProject
Project("{2150E333-8FDC-42A3-9474-1A3956D46DE8}") = "Infrastructure", "Infrastructure", "{A5CFE8A6-47E7-42B3-A19F-8BF6FD78ECE3}"
EndProject
Project("{2150E333-8FDC-42A3-9474-1A3956D46DE8}") = "Presentation", "Presentation", "{2BDAD2BB-2D97-4D3B-9AD2-591A9A988B9E}"
EndProject
Project("{2150E333-8FDC-42A3-9474-1A3956D46DE8}") = "Tests", "Tests", "{6B42150F-190C-4AAC-8DBA-DD398B68196B}"
EndProject
Project("{9A19103F-16F7-4668-BE54-9A1E7A4F7556}") = "CQRSharp.Core", "src/Domain/CQRSharp.Core/CQRSharp.Core.csproj", "{F17728F7-5DFA-4EF1-8347-166A1BF7DD75}"
EndProject
Project("{9A19103F-16F7-4668-BE54-9A1E7A4F7556}") = "CQRSharp.Abstractions", "src/Domain/CQRSharp.Abstractions/CQRSharp.Abstractions.csproj", "{1E69C86C-93B7-43E1-968C-A3CDDA9793AA}"
EndProject
Project("{9A19103F-16F7-4668-BE54-9A1E7A4F7556}") = "CQRSharp.Pipelines", "src/Application/CQRSharp.Pipelines/CQRSharp.Pipelines.csproj", "{1B8F3989-56B5-42A8-AEF4-D01DE74E9324}"
EndProject
Project("{9A19103F-16F7-4668-BE54-9A1E7A4F7556}") = "CQRSharp", "src/Application/CQRSharp/CQRSharp.csproj", "{E3AA1986-CE80-43EB-8EEE-0AE35094FD45}"
EndProject
Project("{FAE04EC0-301F-11D3-BF4B-00C04F79EFBC}") = "CQRSharp.Generators", "src/Infrastructure/CQRSharp.Generators/CQRSharp.Generators.csproj", "{C4AE00CD-B399-44B0-975F-924C96E4B678}"
EndProject
Project("{9A19103F-16F7-4668-BE54-9A1E7A4F7556}") = "CQRSharp.Sample", "src/Presentation/CQRSharp.Sample/CQRSharp.Sample.csproj", "{2F79B54B-DC8D-4B73-AFC0-FE58EAFE76C6}"
EndProject
Project("{FAE04EC0-301F-11D3-BF4B-00C04F79EFBC}") = "CQRSharp.Tests", "tests/CQRSharp.Tests/CQRSharp.Tests.csproj", "{EBA2F116-DA4F-45DA-80F1-1BA709992629}"
EndProject
Project("{FAE04EC0-301F-11D3-BF4B-00C04F79EFBC}") = "CQRSharp.Analyzers", "src/Infrastructure/CQRSharp.Analyzers/CQRSharp.Analyzers.csproj", "{B77C5C8D-6A31-4E94-9BEF-B0D63FF63A20}"
EndProject
Global
	GlobalSection(SolutionConfigurationPlatforms) = preSolution
		Debug|Any CPU = Debug|Any CPU
		Debug|x64 = Debug|x64
		Debug|x86 = Debug|x86
		Release|Any CPU = Release|Any CPU
		Release|x64 = Release|x64
		Release|x86 = Release|x86
	EndGlobalSection
	GlobalSection(ProjectConfigurationPlatforms) = postSolution
		{F17728F7-5DFA-4EF1-8347-166A1BF7DD75}.Debug|Any CPU.ActiveCfg = Debug|Any CPU
		{F17728F7-5DFA-4EF1-8347-166A1BF7DD75}.Debug|Any CPU.Build.0 = Debug|Any CPU
		{F17728F7-5DFA-4EF1-8347-166A1BF7DD75}.Debug|x64.ActiveCfg = Debug|Any CPU
		{F17728F7-5DFA-4EF1-8347-166A1BF7DD75}.Debug|x64.Build.0 = Debug|Any CPU
		{F17728F7-5DFA-4EF1-8347-166A1BF7DD75}.Debug|x86.ActiveCfg = Debug|Any CPU
		{F17728F7-5DFA-4EF1-8347-166A1BF7DD75}.Debug|x86.Build.0 = Debug|Any CPU
		{F17728F7-5DFA-4EF1-8347-166A1BF7DD75}.Release|Any CPU.ActiveCfg = Release|Any CPU
		{F17728F7-5DFA-4EF1-8347-166A1BF7DD75}.Release|Any CPU.Build.0 = Release|Any CPU
		{F17728F7-5DFA-4EF1-8347-166A1BF7DD75}.Release|x64.ActiveCfg = Release|Any CPU
		{F17728F7-5DFA-4EF1-8347-166A1BF7DD75}.Release|x64.Build.0 = Release|Any CPU
		{F17728F7-5DFA-4EF1-8347-166A1BF7DD75}.Release|x86.ActiveCfg = Release|Any CPU
		{F17728F7-5DFA-4EF1-8347-166A1BF7DD75}.Release|x86.Build.0 = Release|Any CPU
		{1E69C86C-93B7-43E1-968C-A3CDDA9793AA}.Debug|Any CPU.ActiveCfg = Debug|Any CPU
		{1E69C86C-93B7-43E1-968C-A3CDDA9793AA}.Debug|Any CPU.Build.0 = Debug|Any CPU
		{1E69C86C-93B7-43E1-968C-A3CDDA9793AA}.Debug|x64.ActiveCfg = Debug|Any CPU
		{1E69C86C-93B7-43E1-968C-A3CDDA9793AA}.Debug|x64.Build.0 = Debug|Any CPU
		{1E69C86C-93B7-43E1-968C-A3CDDA9793AA}.Debug|x86.ActiveCfg = Debug|Any CPU
		{1E69C86C-93B7-43E1-968C-A3CDDA9793AA}.Debug|x86.Build.0 = Debug|Any CPU
		{1E69C86C-93B7-43E1-968C-A3CDDA9793AA}.Release|Any CPU.ActiveCfg = Release|Any CPU
		{1E69C86C-93B7-43E1-968C-A3CDDA9793AA}.Release|Any CPU.Build.0 = Release|Any CPU
		{1E69C86C-93B7-43E1-968C-A3CDDA9793AA}.Release|x64.ActiveCfg = Release|Any CPU
		{1E69C86C-93B7-43E1-968C-A3CDDA9793AA}.Release|x64.Build.0 = Release|Any CPU
		{1E69C86C-93B7-43E1-968C-A3CDDA9793AA}.Release|x86.ActiveCfg = Release|Any CPU
		{1E69C86C-93B7-43E1-968C-A3CDDA9793AA}.Release|x86.Build.0 = Release|Any CPU
		{1B8F3989-56B5-42A8-AEF4-D01DE74E9324}.Debug|Any CPU.ActiveCfg = Debug|Any CPU
		{1B8F3989-56B5-42A8-AEF4-D01DE74E9324}.Debug|Any CPU.Build.0 = Debug|Any CPU
		{1B8F3989-56B5-42A8-AEF4-D01DE74E9324}.Debug|x64.ActiveCfg = Debug|Any CPU
		{1B8F3989-56B5-42A8-AEF4-D01DE74E9324}.Debug|x64.Build.0 = Debug|Any CPU
		{1B8F3989-56B5-42A8-AEF4-D01DE74E9324}.Debug|x86.ActiveCfg = Debug|Any CPU
		{1B8F3989-56B5-42A8-AEF4-D01DE74E9324}.Debug|x86.Build.0 = Debug|Any CPU
		{1B8F3989-56B5-42A8-AEF4-D01DE74E9324}.Release|Any CPU.ActiveCfg = Release|Any CPU
		{1B8F3989-56B5-42A8-AEF4-D01DE74E9324}.Release|Any CPU.Build.0 = Release|Any CPU
		{1B8F3989-56B5-42A8-AEF4-D01DE74E9324}.Release|x64.ActiveCfg = Release|Any CPU
		{1B8F3989-56B5-42A8-AEF4-D01DE74E9324}.Release|x64.Build.0 = Release|Any CPU
		{1B8F3989-56B5-42A8-AEF4-D01DE74E9324}.Release|x86.ActiveCfg = Release|Any CPU
		{1B8F3989-56B5-42A8-AEF4-D01DE74E9324}.Release|x86.Build.0 = Release|Any CPU
		{E3AA1986-CE80-43EB-8EEE-0AE35094FD45}.Debug|Any CPU.ActiveCfg = Debug|Any CPU
		{E3AA1986-CE80-43EB-8EEE-0AE35094FD45}.Debug|Any CPU.Build.0 = Debug|Any CPU
		{E3AA1986-CE80-43EB-8EEE-0AE35094FD45}.Debug|x64.ActiveCfg = Debug|Any CPU
		{E3AA1986-CE80-43EB-8EEE-0AE35094FD45}.Debug|x64.Build.0 = Debug|Any CPU
		{E3AA1986-CE80-43EB-8EEE-0AE35094FD45}.Debug|x86.ActiveCfg = Debug|Any CPU
		{E3AA1986-CE80-43EB-8EEE-0AE35094FD45}.Debug|x86.Build.0 = Debug|Any CPU
		{E3AA1986-CE80-43EB-8EEE-0AE35094FD45}.Release|Any CPU.ActiveCfg = Release|Any CPU
		{E3AA1986-CE80-43EB-8EEE-0AE35094FD45}.Release|Any CPU.Build.0 = Release|Any CPU
		{E3AA1986-CE80-43EB-8EEE-0AE35094FD45}.Release|x64.ActiveCfg = Release|Any CPU
		{E3AA1986-CE80-43EB-8EEE-0AE35094FD45}.Release|x64.Build.0 = Release|Any CPU
		{E3AA1986-CE80-43EB-8EEE-0AE35094FD45}.Release|x86.ActiveCfg = Release|Any CPU
		{E3AA1986-CE80-43EB-8EEE-0AE35094FD45}.Release|x86.Build.0 = Release|Any CPU
		{C4AE00CD-B399-44B0-975F-924C96E4B678}.Debug|Any CPU.ActiveCfg = Debug|Any CPU
		{C4AE00CD-B399-44B0-975F-924C96E4B678}.Debug|Any CPU.Build.0 = Debug|Any CPU
		{C4AE00CD-B399-44B0-975F-924C96E4B678}.Debug|x64.ActiveCfg = Debug|Any CPU
		{C4AE00CD-B399-44B0-975F-924C96E4B678}.Debug|x64.Build.0 = Debug|Any CPU
		{C4AE00CD-B399-44B0-975F-924C96E4B678}.Debug|x86.ActiveCfg = Debug|Any CPU
		{C4AE00CD-B399-44B0-975F-924C96E4B678}.Debug|x86.Build.0 = Debug|Any CPU
		{C4AE00CD-B399-44B0-975F-924C96E4B678}.Release|Any CPU.ActiveCfg = Release|Any CPU
		{C4AE00CD-B399-44B0-975F-924C96E4B678}.Release|Any CPU.Build.0 = Release|Any CPU
		{C4AE00CD-B399-44B0-975F-924C96E4B678}.Release|x64.ActiveCfg = Release|Any CPU
		{C4AE00CD-B399-44B0-975F-924C96E4B678}.Release|x64.Build.0 = Release|Any CPU
		{C4AE00CD-B399-44B0-975F-924C96E4B678}.Release|x86.ActiveCfg = Release|Any CPU
		{C4AE00CD-B399-44B0-975F-924C96E4B678}.Release|x86.Build.0 = Release|Any CPU
		{2F79B54B-DC8D-4B73-AFC0-FE58EAFE76C6}.Debug|Any CPU.ActiveCfg = Debug|Any CPU
		{2F79B54B-DC8D-4B73-AFC0-FE58EAFE76C6}.Debug|Any CPU.Build.0 = Debug|Any CPU
		{2F79B54B-DC8D-4B73-AFC0-FE58EAFE76C6}.Debug|x64.ActiveCfg = Debug|Any CPU
		{2F79B54B-DC8D-4B73-AFC0-FE58EAFE76C6}.Debug|x64.Build.0 = Debug|Any CPU
		{2F79B54B-DC8D-4B73-AFC0-FE58EAFE76C6}.Debug|x86.ActiveCfg = Debug|Any CPU
		{2F79B54B-DC8D-4B73-AFC0-FE58EAFE76C6}.Debug|x86.Build.0 = Debug|Any CPU
		{2F79B54B-DC8D-4B73-AFC0-FE58EAFE76C6}.Release|Any CPU.ActiveCfg = Release|Any CPU
		{2F79B54B-DC8D-4B73-AFC0-FE58EAFE76C6}.Release|Any CPU.Build.0 = Release|Any CPU
		{2F79B54B-DC8D-4B73-AFC0-FE58EAFE76C6}.Release|x64.ActiveCfg = Release|Any CPU
		{2F79B54B-DC8D-4B73-AFC0-FE58EAFE76C6}.Release|x64.Build.0 = Release|Any CPU
		{2F79B54B-DC8D-4B73-AFC0-FE58EAFE76C6}.Release|x86.ActiveCfg = Release|Any CPU
		{2F79B54B-DC8D-4B73-AFC0-FE58EAFE76C6}.Release|x86.Build.0 = Release|Any CPU
		{EBA2F116-DA4F-45DA-80F1-1BA709992629}.Debug|Any CPU.ActiveCfg = Debug|Any CPU
		{EBA2F116-DA4F-45DA-80F1-1BA709992629}.Debug|Any CPU.Build.0 = Debug|Any CPU
		{EBA2F116-DA4F-45DA-80F1-1BA709992629}.Debug|x64.ActiveCfg = Debug|Any CPU
		{EBA2F116-DA4F-45DA-80F1-1BA709992629}.Debug|x64.Build.0 = Debug|Any CPU
		{EBA2F116-DA4F-45DA-80F1-1BA709992629}.Debug|x86.ActiveCfg = Debug|Any CPU
		{EBA2F116-DA4F-45DA-80F1-1BA709992629}.Debug|x86.Build.0 = Debug|Any CPU
		{EBA2F116-DA4F-45DA-80F1-1BA709992629}.Release|Any CPU.ActiveCfg = Release|Any CPU
		{EBA2F116-DA4F-45DA-80F1-1BA709992629}.Release|Any CPU.Build.0 = Release|Any CPU
		{EBA2F116-DA4F-45DA-80F1-1BA709992629}.Release|x64.ActiveCfg = Release|Any CPU
		{EBA2F116-DA4F-45DA-80F1-1BA709992629}.Release|x64.Build.0 = Release|Any CPU
		{EBA2F116-DA4F-45DA-80F1-1BA709992629}.Release|x86.ActiveCfg = Release|Any CPU
		{EBA2F116-DA4F-45DA-80F1-1BA709992629}.Release|x86.Build.0 = Release|Any CPU
		{B77C5C8D-6A31-4E94-9BEF-B0D63FF63A20}.Debug|Any CPU.ActiveCfg = Debug|Any CPU
		{B77C5C8D-6A31-4E94-9BEF-B0D63FF63A20}.Debug|Any CPU.Build.0 = Debug|Any CPU
		{B77C5C8D-6A31-4E94-9BEF-B0D63FF63A20}.Debug|x64.ActiveCfg = Debug|Any CPU
		{B77C5C8D-6A31-4E94-9BEF-B0D63FF63A20}.Debug|x64.Build.0 = Debug|Any CPU
		{B77C5C8D-6A31-4E94-9BEF-B0D63FF63A20}.Debug|x86.ActiveCfg = Debug|Any CPU
		{B77C5C8D-6A31-4E94-9BEF-B0D63FF63A20}.Debug|x86.Build.0 = Debug|Any CPU
		{B77C5C8D-6A31-4E94-9BEF-B0D63FF63A20}.Release|Any CPU.ActiveCfg = Release|Any CPU
		{B77C5C8D-6A31-4E94-9BEF-B0D63FF63A20}.Release|Any CPU.Build.0 = Release|Any CPU
		{B77C5C8D-6A31-4E94-9BEF-B0D63FF63A20}.Release|x64.ActiveCfg = Release|Any CPU
		{B77C5C8D-6A31-4E94-9BEF-B0D63FF63A20}.Release|x64.Build.0 = Release|Any CPU
		{B77C5C8D-6A31-4E94-9BEF-B0D63FF63A20}.Release|x86.ActiveCfg = Release|Any CPU
		{B77C5C8D-6A31-4E94-9BEF-B0D63FF63A20}.Release|x86.Build.0 = Release|Any CPU
	EndGlobalSection
	GlobalSection(SolutionProperties) = preSolution
		HideSolutionNode = FALSE
	EndGlobalSection
	GlobalSection(NestedProjects) = preSolution
		{F17728F7-5DFA-4EF1-8347-166A1BF7DD75} = {7CF2A1BD-5C48-4F86-82AC-2C90B4024F09}
		{1E69C86C-93B7-43E1-968C-A3CDDA9793AA} = {7CF2A1BD-5C48-4F86-82AC-2C90B4024F09}
		{1B8F3989-56B5-42A8-AEF4-D01DE74E9324} = {F42CF4AF-A7AD-4C3E-840C-34C9BD1139A6}
		{E3AA1986-CE80-43EB-8EEE-0AE35094FD45} = {F42CF4AF-A7AD-4C3E-840C-34C9BD1139A6}
		{C4AE00CD-B399-44B0-975F-924C96E4B678} = {A5CFE8A6-47E7-42B3-A19F-8BF6FD78ECE3}
		{2F79B54B-DC8D-4B73-AFC0-FE58EAFE76C6} = {2BDAD2BB-2D97-4D3B-9AD2-591A9A988B9E}
		{EBA2F116-DA4F-45DA-80F1-1BA709992629} = {6B42150F-190C-4AAC-8DBA-DD398B68196B}
		{B77C5C8D-6A31-4E94-9BEF-B0D63FF63A20} = {A5CFE8A6-47E7-42B3-A19F-8BF6FD78ECE3}
	EndGlobalSection
	GlobalSection(ExtensibilityGlobals) = postSolution
		SolutionGuid = {8B50E808-5BD4-4F5A-9A83-A8239670B13A}
	EndGlobalSection
EndGlobal
